
Microsoft Visual Studio Solution File, Format Version 12.00
# Visual Studio Version 17
VisualStudioVersion = 17.14.35806.103
MinimumVisualStudioVersion = 10.0.40219.1
Project("{FAE04EC0-301F-11D3-BF4B-00C04F79EFBC}") = "CarFactory.Employees.API", "CarFactory.Employees.API\CarFactory.Employees.API.csproj", "{A5AC2174-8668-4F50-9555-35878144E0C1}"
EndProject
Project("{FAE04EC0-301F-11D3-BF4B-00C04F79EFBC}") = "CarFactory.Employees.Domain", "CarFactory.Employees.Domain\CarFactory.Employees.Domain.csproj", "{9430EB93-4B51-477D-9770-152E2D200105}"
EndProject
Project("{FAE04EC0-301F-11D3-BF4B-00C04F79EFBC}") = "CarFactory.Employees.Application", "CarFactory.Employees.Application\CarFactory.Employees.Application.csproj", "{13466E8D-CA28-4735-BCAB-E7EE3203850D}"
EndProject
Project("{FAE04EC0-301F-11D3-BF4B-00C04F79EFBC}") = "CarFactory.Employees.Infrastructure", "CarFactory.Employees.Infrastructure\CarFactory.Employees.Infrastructure.csproj", "{B0192BA6-CA01-48F2-A185-F9CCCFCED3A8}"
EndProject
Project("{FAE04EC0-301F-11D3-BF4B-00C04F79EFBC}") = "CarFactory.Employees.SharedLibrary", "CarFactory.Employees.SharedLibrary\CarFactory.Employees.SharedLibrary.csproj", "{039DC27B-F07F-4DFB-933D-4E18FFBF0D1D}"
EndProject
Project("{2150E333-8FDC-42A3-9474-1A3956D46DE8}") = "tests", "tests", "{02EA681E-C7D8-13C7-8484-4AC65E1B71E8}"
EndProject
Project("{FAE04EC0-301F-11D3-BF4B-00C04F79EFBC}") = "CarFactory.Employees.Domain.TESTS", "CarFactory.Employees.Domain.TESTS\CarFactory.Employees.Domain.TESTS.csproj", "{7D5C3988-A380-428B-80D0-ABF0B4598A79}"
EndProject
Global
	GlobalSection(SolutionConfigurationPlatforms) = preSolution
		Debug|Any CPU = Debug|Any CPU
		Release|Any CPU = Release|Any CPU
	EndGlobalSection
	GlobalSection(ProjectConfigurationPlatforms) = postSolution
		{A5AC2174-8668-4F50-9555-35878144E0C1}.Debug|Any CPU.ActiveCfg = Debug|Any CPU
		{A5AC2174-8668-4F50-9555-35878144E0C1}.Debug|Any CPU.Build.0 = Debug|Any CPU
		{A5AC2174-8668-4F50-9555-35878144E0C1}.Release|Any CPU.ActiveCfg = Release|Any CPU
		{A5AC2174-8668-4F50-9555-35878144E0C1}.Release|Any CPU.Build.0 = Release|Any CPU
		{9430EB93-4B51-477D-9770-152E2D200105}.Debug|Any CPU.ActiveCfg = Debug|Any CPU
		{9430EB93-4B51-477D-9770-152E2D200105}.Debug|Any CPU.Build.0 = Debug|Any CPU
		{9430EB93-4B51-477D-9770-152E2D200105}.Release|Any CPU.ActiveCfg = Release|Any CPU
		{9430EB93-4B51-477D-9770-152E2D200105}.Release|Any CPU.Build.0 = Release|Any CPU
		{13466E8D-CA28-4735-BCAB-E7EE3203850D}.Debug|Any CPU.ActiveCfg = Debug|Any CPU
		{13466E8D-CA28-4735-BCAB-E7EE3203850D}.Debug|Any CPU.Build.0 = Debug|Any CPU
		{13466E8D-CA28-4735-BCAB-E7EE3203850D}.Release|Any CPU.ActiveCfg = Release|Any CPU
		{13466E8D-CA28-4735-BCAB-E7EE3203850D}.Release|Any CPU.Build.0 = Release|Any CPU
		{B0192BA6-CA01-48F2-A185-F9CCCFCED3A8}.Debug|Any CPU.ActiveCfg = Debug|Any CPU
		{B0192BA6-CA01-48F2-A185-F9CCCFCED3A8}.Debug|Any CPU.Build.0 = Debug|Any CPU
		{B0192BA6-CA01-48F2-A185-F9CCCFCED3A8}.Release|Any CPU.ActiveCfg = Release|Any CPU
		{B0192BA6-CA01-48F2-A185-F9CCCFCED3A8}.Release|Any CPU.Build.0 = Release|Any CPU
		{039DC27B-F07F-4DFB-933D-4E18FFBF0D1D}.Debug|Any CPU.ActiveCfg = Debug|Any CPU
		{039DC27B-F07F-4DFB-933D-4E18FFBF0D1D}.Debug|Any CPU.Build.0 = Debug|Any CPU
		{039DC27B-F07F-4DFB-933D-4E18FFBF0D1D}.Release|Any CPU.ActiveCfg = Release|Any CPU
		{039DC27B-F07F-4DFB-933D-4E18FFBF0D1D}.Release|Any CPU.Build.0 = Release|Any CPU
		{7D5C3988-A380-428B-80D0-ABF0B4598A79}.Debug|Any CPU.ActiveCfg = Debug|Any CPU
		{7D5C3988-A380-428B-80D0-ABF0B4598A79}.Debug|Any CPU.Build.0 = Debug|Any CPU
		{7D5C3988-A380-428B-80D0-ABF0B4598A79}.Release|Any CPU.ActiveCfg = Release|Any CPU
		{7D5C3988-A380-428B-80D0-ABF0B4598A79}.Release|Any CPU.Build.0 = Release|Any CPU
	EndGlobalSection
	GlobalSection(SolutionProperties) = preSolution
		HideSolutionNode = FALSE
	EndGlobalSection
	GlobalSection(NestedProjects) = preSolution
		{7D5C3988-A380-428B-80D0-ABF0B4598A79} = {02EA681E-C7D8-13C7-8484-4AC65E1B71E8}
	EndGlobalSection
	GlobalSection(ExtensibilityGlobals) = postSolution
		SolutionGuid = {A6CBF2C5-69AC-4CC7-80E7-77144081A849}
	EndGlobalSection
EndGlobal
